{
  "name": "nativescript-exoplayer",
  "version": "4.0.0",
  "lockfileVersion": 1,
  "requires": true,
  "dependencies": {
    "@angular/core": {
      "version": "7.2.14",
      "resolved": "https://registry.npmjs.org/@angular/core/-/core-7.2.14.tgz",
      "integrity": "sha512-XeZZJCyBKSKo0E/7Ef0SfJejmn+E7uBXa5cR1QapafS0Hnrq/hZu/NI039IDU/51NoycMDH2vTV19SmKu9Mkow==",
      "dev": true,
      "requires": {
        "tslib": "1.9.3"
      }
    },
    "nativescript-angular": {
      "version": "7.2.3",
      "resolved": "https://registry.npmjs.org/nativescript-angular/-/nativescript-angular-7.2.3.tgz",
      "integrity": "sha512-6XWkjIqfuFcHa3qnq9j2veCJItOIohlnAY/xf+CStqebbxaLkeS5VgUYmCZlqveoND+0/VT81tvXYWkrLgfoyA==",
      "dev": true,
      "requires": {
        "nativescript-intl": "3.0.0",
        "reflect-metadata": "0.1.13"
      }
    },
    "nativescript-intl": {
      "version": "3.0.0",
      "resolved": "https://registry.npmjs.org/nativescript-intl/-/nativescript-intl-3.0.0.tgz",
      "integrity": "sha1-gu6b59N3Fys8QpVzRyMDdijhhqc=",
      "dev": true
    },
    "reflect-metadata": {
      "version": "0.1.13",
      "resolved": "https://registry.npmjs.org/reflect-metadata/-/reflect-metadata-0.1.13.tgz",
      "integrity": "sha512-Ts1Y/anZELhSsjMcU605fU9RE4Oi3p5ORujwbIKXfWa+0Zxs510Qrmrce5/Jowq3cHSZSJqBjypxmHarc+vEWg==",
      "dev": true
    },
    "tns-core-modules": {
      "version": "5.3.2",
      "resolved": "https://registry.npmjs.org/tns-core-modules/-/tns-core-modules-5.3.2.tgz",
      "integrity": "sha512-as53Mo8BghhaRXxol+lEpFP1G5E5q/J8rj2f29PbPIa9vI9tn4leZHFqNlofKUYgqQ9P0XLC7hj6gl4WTzsvNw==",
      "dev": true,
      "requires": {
        "tns-core-modules-widgets": "5.3.0",
        "tslib": "1.9.3"
      }
    },
    "tns-core-modules-widgets": {
      "version": "5.3.0",
      "resolved": "https://registry.npmjs.org/tns-core-modules-widgets/-/tns-core-modules-widgets-5.3.0.tgz",
      "integrity": "sha512-mR8Pof0NhMRhPYcshQ54WyPrlbrqmTgrwxALtF1485fbCAHblz/2DqU7yGmTgC5LNdV7yhNeHYouoYg3TYOZbA==",
      "dev": true
    },
    "tns-platform-declarations": {
      "version": "5.3.2",
      "resolved": "https://registry.npmjs.org/tns-platform-declarations/-/tns-platform-declarations-5.3.2.tgz",
      "integrity": "sha512-H9l54nH4IC4rV9VCl8uApM7xcHBujESVV2gldjZ7iGVPBL5mMk6ieRjLss1DjC122TMKE7R39bltPfnm2FmJxw==",
      "dev": true
    },
    "tslib": {
      "version": "1.9.3",
      "resolved": "https://registry.npmjs.org/tslib/-/tslib-1.9.3.tgz",
      "integrity": "sha512-4krF8scpejhaOgqzBEcGM7yDIEfi0/8+8zDRZhNZZ2kjmHJ4hv3zCbQWxoJGz1iw5U0Jl0nma13xzHXcncMavQ==",
      "dev": true
    },
    "typescript": {
      "version": "3.3.4000",
      "resolved": "https://registry.npmjs.org/typescript/-/typescript-3.3.4000.tgz",
      "integrity": "sha512-jjOcCZvpkl2+z7JFn0yBOoLQyLoIkNZAs/fYJkUG6VKy6zLPHJGfQJYFHzibB6GJaF/8QrcECtlQ5cpvRHSMEA==",
      "dev": true
    }
  }
}
